// !$*UTF8*$!
{
	archiveVersion = 1;
	classes = {
	};
	objectVersion = 77;
	objects = {

/* Begin PBXBuildFile section */
		0FC6C52E151E8CD97AA4D124 /* LunarMapExplorer in Frameworks */ = {isa = PBXBuildFile; productRef = D0ADE5292D7FBA8CE751FD6A /* LunarMapExplorer */; };
		1198E01A304C949700B88593 /* LMLunarCockpitTerrain.swift in Sources */ = {isa = PBXBuildFile; fileRef = 1198E019304C949700B88593 /* LMLunarCockpitTerrain.swift */; };
		11F3D7792D4569A800205449 /* RealityKitContent in Frameworks */ = {isa = PBXBuildFile; productRef = 11F3D7782D4569A800205449 /* RealityKitContent */; };
		153481058BB7D6ABE3016B26 /* AGC in Frameworks */ = {isa = PBXBuildFile; productRef = 7F923C8DED5D27B4856DF91E /* AGC */; };
		7E26622530FF45E8BBAAE3C9 /* LunarMapExplorer in Frameworks */ = {isa = PBXBuildFile; productRef = B61A332620F9023911743D64 /* LunarMapExplorer */; };
		8B235D3F452923FA7A4072FF /* LMCore in Frameworks */ = {isa = PBXBuildFile; productRef = A9EB3C526EF0E03AA143B6C9 /* LMCore */; };
		AD038F2CF7897D832DB8E5AE /* LunarMap in Frameworks */ = {isa = PBXBuildFile; productRef = E0160C33A71CDD4B67B2F4A5 /* LunarMap */; };
		E4915064A6B24502F75B3E29 /* LunarMap in Frameworks */ = {isa = PBXBuildFile; productRef = 484902EAE3DD096F7FE83CD5 /* LunarMap */; };
		FC232BDCB79631626E544F32 /* Foundation.framework in Frameworks */ = {isa = PBXBuildFile; fileRef = BE2BB9AFF4F3A2C52B2BE8A8 /* Foundation.framework */; };
/* End PBXBuildFile section */

/* Begin PBXContainerItemProxy section */
		11F3D7932D4569A900205449 /* PBXContainerItemProxy */ = {
			isa = PBXContainerItemProxy;
			containerPortal = 11F3D76B2D4569A800205449 /* Project object */;
			proxyType = 1;
			remoteGlobalIDString = 11F3D7722D4569A800205449;
			remoteInfo = LM;
		};
/* End PBXContainerItemProxy section */

/* Begin PBXFileReference section */
		1198E019304C949700B88593 /* LMLunarCockpitTerrain.swift */ = {isa = PBXFileReference; lastKnownFileType = sourcecode.swift; path = LMLunarCockpitTerrain.swift; sourceTree = "<group>"; };
		11F3D7732D4569A800205449 /* LM.app */ = {isa = PBXFileReference; explicitFileType = wrapper.application; includeInIndex = 0; path = LM.app; sourceTree = BUILT_PRODUCTS_DIR; };
		11F3D7772D4569A800205449 /* RealityKitContent */ = {isa = PBXFileReference; lastKnownFileType = wrapper; path = RealityKitContent; sourceTree = "<group>"; };
		11F3D7922D4569A900205449 /* LMTests.xctest */ = {isa = PBXFileReference; explicitFileType = wrapper.cfbundle; includeInIndex = 0; path = LMTests.xctest; sourceTree = BUILT_PRODUCTS_DIR; };
		B731BF12C81287FF638318E3 /* Moon.app */ = {isa = PBXFileReference; explicitFileType = wrapper.application; includeInIndex = 0; path = Moon.app; sourceTree = BUILT_PRODUCTS_DIR; };
		BE2BB9AFF4F3A2C52B2BE8A8 /* Foundation.framework */ = {isa = PBXFileReference; lastKnownFileType = wrapper.framework; name = Foundation.framework; path = Platforms/XROS.platform/Developer/SDKs/XROS26.0.sdk/System/Library/Frameworks/Foundation.framework; sourceTree = DEVELOPER_DIR; };
/* End PBXFileReference section */

/* Begin PBXFileSystemSynchronizedBuildFileExceptionSet section */
		11F3D7982D4569A900205449 /* Exceptions for "LM" folder in "LM" target */ = {
			isa = PBXFileSystemSynchronizedBuildFileExceptionSet;
			membershipExceptions = (
				Info.plist,
			);
			target = 11F3D7722D4569A800205449 /* LM */;
		};
		BBA3291436B040F4F42E4619 /* Exceptions for "Moon" folder in "Moon" target */ = {
			isa = PBXFileSystemSynchronizedBuildFileExceptionSet;
			membershipExceptions = (
				Info.plist,
			);
			target = 3860AFA7C39963C73A8D16E3 /* Moon */;
		};
/* End PBXFileSystemSynchronizedBuildFileExceptionSet section */

/* Begin PBXFileSystemSynchronizedRootGroup section */
		11F3D7752D4569A800205449 /* LM */ = {
			isa = PBXFileSystemSynchronizedRootGroup;
			exceptions = (
				11F3D7982D4569A900205449 /* Exceptions for "LM" folder in "LM" target */,
			);
			path = LM;
			sourceTree = "<group>";
		};
		11F3D7952D4569A900205449 /* LMTests */ = {
			isa = PBXFileSystemSynchronizedRootGroup;
			exceptions = (
			);
			path = LMTests;
			sourceTree = "<group>";
		};
		1324768FC2A9985EFE5F4210 /* Moon */ = {
			isa = PBXFileSystemSynchronizedRootGroup;
			exceptions = (
				BBA3291436B040F4F42E4619 /* Exceptions for "Moon" folder in "Moon" target */,
			);
			path = Moon;
			sourceTree = "<group>";
		};
/* End PBXFileSystemSynchronizedRootGroup section */

/* Begin PBXFrameworksBuildPhase section */
		11F3D7702D4569A800205449 /* Frameworks */ = {
			isa = PBXFrameworksBuildPhase;
			buildActionMask = 2147483647;
			files = (
				11F3D7792D4569A800205449 /* RealityKitContent in Frameworks */,
				153481058BB7D6ABE3016B26 /* AGC in Frameworks */,
				8B235D3F452923FA7A4072FF /* LMCore in Frameworks */,
				AD038F2CF7897D832DB8E5AE /* LunarMap in Frameworks */,
				0FC6C52E151E8CD97AA4D124 /* LunarMapExplorer in Frameworks */,
			);
			runOnlyForDeploymentPostprocessing = 0;
		};
		11F3D78F2D4569A900205449 /* Frameworks */ = {
			isa = PBXFrameworksBuildPhase;
			buildActionMask = 2147483647;
			files = (
			);
			runOnlyForDeploymentPostprocessing = 0;
		};
		3622C22F05789D49358BF863 /* Frameworks */ = {
			isa = PBXFrameworksBuildPhase;
			buildActionMask = 2147483647;
			files = (
				FC232BDCB79631626E544F32 /* Foundation.framework in Frameworks */,
				E4915064A6B24502F75B3E29 /* LunarMap in Frameworks */,
				7E26622530FF45E8BBAAE3C9 /* LunarMapExplorer in Frameworks */,
			);
			runOnlyForDeploymentPostprocessing = 0;
		};
/* End PBXFrameworksBuildPhase section */

/* Begin PBXGroup section */
		11F3D76A2D4569A800205449 = {
			isa = PBXGroup;
			children = (
				11F3D7752D4569A800205449 /* LM */,
				11F3D7762D4569A800205449 /* Packages */,
				11F3D7952D4569A900205449 /* LMTests */,
				11F3D7742D4569A800205449 /* Products */,
				1198E019304C949700B88593 /* LMLunarCockpitTerrain.swift */,
				398BD7B6AC5AB63A74EBA817 /* Frameworks */,
				1324768FC2A9985EFE5F4210 /* Moon */,
			);
			sourceTree = "<group>";
		};
		11F3D7742D4569A800205449 /* Products */ = {
			isa = PBXGroup;
			children = (
				11F3D7732D4569A800205449 /* LM.app */,
				11F3D7922D4569A900205449 /* LMTests.xctest */,
				B731BF12C81287FF638318E3 /* Moon.app */,
			);
			name = Products;
			sourceTree = "<group>";
		};
		11F3D7762D4569A800205449 /* Packages */ = {
			isa = PBXGroup;
			children = (
				11F3D7772D4569A800205449 /* RealityKitContent */,
			);
			path = Packages;
			sourceTree = "<group>";
		};
		398BD7B6AC5AB63A74EBA817 /* Frameworks */ = {
			isa = PBXGroup;
			children = (
				F92D79897892E3AF6FFE8E7F /* visionOS */,
			);
			name = Frameworks;
			sourceTree = "<group>";
		};
		F92D79897892E3AF6FFE8E7F /* visionOS */ = {
			isa = PBXGroup;
			children = (
				BE2BB9AFF4F3A2C52B2BE8A8 /* Foundation.framework */,
			);
			name = visionOS;
			sourceTree = "<group>";
		};
/* End PBXGroup section */

/* Begin PBXNativeTarget section */
		11F3D7722D4569A800205449 /* LM */ = {
			isa = PBXNativeTarget;
			buildConfigurationList = 11F3D7992D4569A900205449 /* Build configuration list for PBXNativeTarget "LM" */;
			buildPhases = (
				11F3D76F2D4569A800205449 /* Sources */,
				11F3D7702D4569A800205449 /* Frameworks */,
				11F3D7712D4569A800205449 /* Resources */,
			);
			buildRules = (
			);
			dependencies = (
			);
			fileSystemSynchronizedGroups = (
				11F3D7752D4569A800205449 /* LM */,
			);
			name = LM;
			packageProductDependencies = (
				11F3D7782D4569A800205449 /* RealityKitContent */,
				7F923C8DED5D27B4856DF91E /* AGC */,
				A9EB3C526EF0E03AA143B6C9 /* LMCore */,
				E0160C33A71CDD4B67B2F4A5 /* LunarMap */,
				D0ADE5292D7FBA8CE751FD6A /* LunarMapExplorer */,
			);
			productName = LM;
			productReference = 11F3D7732D4569A800205449 /* LM.app */;
			productType = "com.apple.product-type.application";
		};
		11F3D7912D4569A900205449 /* LMTests */ = {
			isa = PBXNativeTarget;
			buildConfigurationList = 11F3D79E2D4569A900205449 /* Build configuration list for PBXNativeTarget "LMTests" */;
			buildPhases = (
				11F3D78E2D4569A900205449 /* Sources */,
				11F3D78F2D4569A900205449 /* Frameworks */,
				11F3D7902D4569A900205449 /* Resources */,
			);
			buildRules = (
			);
			dependencies = (
				11F3D7942D4569A900205449 /* PBXTargetDependency */,
			);
			fileSystemSynchronizedGroups = (
				11F3D7952D4569A900205449 /* LMTests */,
			);
			name = LMTests;
			productName = LMTests;
			productReference = 11F3D7922D4569A900205449 /* LMTests.xctest */;
			productType = "com.apple.product-type.bundle.unit-test";
		};
		3860AFA7C39963C73A8D16E3 /* Moon */ = {
			isa = PBXNativeTarget;
			buildConfigurationList = 8BFCEBAB5A85F71EEF28E03A /* Build configuration list for PBXNativeTarget "Moon" */;
			buildPhases = (
				5BBD9B02DFF9C11BC0BCB18D /* Sources */,
				3622C22F05789D49358BF863 /* Frameworks */,
				AD0528A0A399316B125796E3 /* Resources */,
			);
			buildRules = (
			);
			dependencies = (
			);
			fileSystemSynchronizedGroups = (
				1324768FC2A9985EFE5F4210 /* Moon */,
			);
			name = Moon;
			packageProductDependencies = (
				484902EAE3DD096F7FE83CD5 /* LunarMap */,
				B61A332620F9023911743D64 /* LunarMapExplorer */,
			);
			productName = Moon;
			productReference = B731BF12C81287FF638318E3 /* Moon.app */;
			productType = "com.apple.product-type.application";
		};
/* End PBXNativeTarget section */

/* Begin PBXProject section */
		11F3D76B2D4569A800205449 /* Project object */ = {
			isa = PBXProject;
			attributes = {
				BuildIndependentTargetsInParallel = 1;
				LastSwiftUpdateCheck = 1620;
				LastUpgradeCheck = 1620;
				TargetAttributes = {
					11F3D7722D4569A800205449 = {
						CreatedOnToolsVersion = 16.2;
					};
					11F3D7912D4569A900205449 = {
						CreatedOnToolsVersion = 16.2;
						TestTargetID = 11F3D7722D4569A800205449;
					};
					3860AFA7C39963C73A8D16E3 = {
						CreatedOnToolsVersion = 26.6;
						DevelopmentTeam = 32R66SNDGS;
					};
				};
			};
			buildConfigurationList = 11F3D76E2D4569A800205449 /* Build configuration list for PBXProject "LM" */;
			developmentRegion = en;
			hasScannedForEncodings = 0;
			knownRegions = (
				en,
				Base,
			);
			mainGroup = 11F3D76A2D4569A800205449;
			minimizedProjectReferenceProxies = 1;
			packageReferences = (
				3B85012C7504288891A95F7D /* XCLocalSwiftPackageReference "AGC" */,
				1C2DFA611CB80D538BF2315A /* XCLocalSwiftPackageReference "LunarMap" */,
			);
			preferredProjectObjectVersion = 77;
			productRefGroup = 11F3D7742D4569A800205449 /* Products */;
			projectDirPath = "";
			projectRoot = "";
			targets = (
				11F3D7722D4569A800205449 /* LM */,
				11F3D7912D4569A900205449 /* LMTests */,
				3860AFA7C39963C73A8D16E3 /* Moon */,
			);
		};
/* End PBXProject section */

/* Begin PBXResourcesBuildPhase section */
		11F3D7712D4569A800205449 /* Resources */ = {
			isa = PBXResourcesBuildPhase;
			buildActionMask = 2147483647;
			files = (
			);
			runOnlyForDeploymentPostprocessing = 0;
		};
		11F3D7902D4569A900205449 /* Resources */ = {
			isa = PBXResourcesBuildPhase;
			buildActionMask = 2147483647;
			files = (
			);
			runOnlyForDeploymentPostprocessing = 0;
		};
		AD0528A0A399316B125796E3 /* Resources */ = {
			isa = PBXResourcesBuildPhase;
			buildActionMask = 2147483647;
			files = (
			);
			runOnlyForDeploymentPostprocessing = 0;
		};
/* End PBXResourcesBuildPhase section */

/* Begin PBXSourcesBuildPhase section */
		11F3D76F2D4569A800205449 /* Sources */ = {
			isa = PBXSourcesBuildPhase;
			buildActionMask = 2147483647;
			files = (
				1198E01A304C949700B88593 /* LMLunarCockpitTerrain.swift in Sources */,
			);
			runOnlyForDeploymentPostprocessing = 0;
		};
		11F3D78E2D4569A900205449 /* Sources */ = {
			isa = PBXSourcesBuildPhase;
			buildActionMask = 2147483647;
			files = (
			);
			runOnlyForDeploymentPostprocessing = 0;
		};
		5BBD9B02DFF9C11BC0BCB18D /* Sources */ = {
			isa = PBXSourcesBuildPhase;
			buildActionMask = 2147483647;
			files = (
			);
			runOnlyForDeploymentPostprocessing = 0;
		};
/* End PBXSourcesBuildPhase section */

/* Begin PBXTargetDependency section */
		11F3D7942D4569A900205449 /* PBXTargetDependency */ = {
			isa = PBXTargetDependency;
			target = 11F3D7722D4569A800205449 /* LM */;
			targetProxy = 11F3D7932D4569A900205449 /* PBXContainerItemProxy */;
		};
/* End PBXTargetDependency section */

/* Begin XCBuildConfiguration section */
		11F3D79A2D4569A900205449 /* Debug */ = {
			isa = XCBuildConfiguration;
			buildSettings = {
				ASSETCATALOG_COMPILER_APPICON_NAME = AppIcon;
				ASSETCATALOG_COMPILER_GLOBAL_ACCENT_COLOR_NAME = AccentColor;
				CODE_SIGN_STYLE = Automatic;
				CURRENT_PROJECT_VERSION = 1;
				DEVELOPMENT_ASSET_PATHS = "\"LM/Preview Content\"";
				DEVELOPMENT_TEAM = 32R66SNDGS;
				ENABLE_PREVIEWS = YES;
				GENERATE_INFOPLIST_FILE = YES;
				INFOPLIST_FILE = "$(TARGET_NAME)/Info.plist";
				LD_RUNPATH_SEARCH_PATHS = (
					"$(inherited)",
					"@executable_path/Frameworks",
				);
				MARKETING_VERSION = 1.0;
				PRODUCT_BUNDLE_IDENTIFIER = io.positron.LM;
				PRODUCT_NAME = "$(TARGET_NAME)";
				SUPPORTED_PLATFORMS = "xros xrsimulator";
				SWIFT_EMIT_LOC_STRINGS = YES;
				SWIFT_VERSION = 5.0;
				TARGETED_DEVICE_FAMILY = 7;
			};
			name = Debug;
		};
		11F3D79B2D4569A900205449 /* Release */ = {
			isa = XCBuildConfiguration;
			buildSettings = {
				ASSETCATALOG_COMPILER_APPICON_NAME = AppIcon;
				ASSETCATALOG_COMPILER_GLOBAL_ACCENT_COLOR_NAME = AccentColor;
				CODE_SIGN_STYLE = Automatic;
				CURRENT_PROJECT_VERSION = 1;
				DEVELOPMENT_ASSET_PATHS = "\"LM/Preview Content\"";
				DEVELOPMENT_TEAM = 32R66SNDGS;
				ENABLE_PREVIEWS = YES;
				GENERATE_INFOPLIST_FILE = YES;
				INFOPLIST_FILE = "$(TARGET_NAME)/Info.plist";
				LD_RUNPATH_SEARCH_PATHS = (
					"$(inherited)",
					"@executable_path/Frameworks",
				);
				MARKETING_VERSION = 1.0;
				PRODUCT_BUNDLE_IDENTIFIER = io.positron.LM;
				PRODUCT_NAME = "$(TARGET_NAME)";
				SUPPORTED_PLATFORMS = "xros xrsimulator";
				SWIFT_EMIT_LOC_STRINGS = YES;
				SWIFT_VERSION = 5.0;
				TARGETED_DEVICE_FAMILY = 7;
			};
			name = Release;
		};
		11F3D79C2D4569A900205449 /* Debug */ = {
			isa = XCBuildConfiguration;
			buildSettings = {
				ALWAYS_SEARCH_USER_PATHS = NO;
				ASSETCATALOG_COMPILER_GENERATE_SWIFT_ASSET_SYMBOL_EXTENSIONS = YES;
				CLANG_ANALYZER_NONNULL = YES;
				CLANG_ANALYZER_NUMBER_OBJECT_CONVERSION = YES_AGGRESSIVE;
				CLANG_CXX_LANGUAGE_STANDARD = "gnu++20";
				CLANG_ENABLE_MODULES = YES;
				CLANG_ENABLE_OBJC_ARC = YES;
				CLANG_ENABLE_OBJC_WEAK = YES;
				CLANG_WARN_BLOCK_CAPTURE_AUTORELEASING = YES;
				CLANG_WARN_BOOL_CONVERSION = YES;
				CLANG_WARN_COMMA = YES;
				CLANG_WARN_CONSTANT_CONVERSION = YES;
				CLANG_WARN_DEPRECATED_OBJC_IMPLEMENTATIONS = YES;
				CLANG_WARN_DIRECT_OBJC_ISA_USAGE = YES_ERROR;
				CLANG_WARN_DOCUMENTATION_COMMENTS = YES;
				CLANG_WARN_EMPTY_BODY = YES;
				CLANG_WARN_ENUM_CONVERSION = YES;
				CLANG_WARN_INFINITE_RECURSION = YES;
				CLANG_WARN_INT_CONVERSION = YES;
				CLANG_WARN_NON_LITERAL_NULL_CONVERSION = YES;
				CLANG_WARN_OBJC_IMPLICIT_RETAIN_SELF = YES;
				CLANG_WARN_OBJC_LITERAL_CONVERSION = YES;
				CLANG_WARN_OBJC_ROOT_CLASS = YES_ERROR;
				CLANG_WARN_QUOTED_INCLUDE_IN_FRAMEWORK_HEADER = YES;
				CLANG_WARN_RANGE_LOOP_ANALYSIS = YES;
				CLANG_WARN_STRICT_PROTOTYPES = YES;
				CLANG_WARN_SUSPICIOUS_MOVE = YES;
				CLANG_WARN_UNGUARDED_AVAILABILITY = YES_AGGRESSIVE;
				CLANG_WARN_UNREACHABLE_CODE = YES;
				CLANG_WARN__DUPLICATE_METHOD_MATCH = YES;
				COPY_PHASE_STRIP = NO;
				DEBUG_INFORMATION_FORMAT = dwarf;
				ENABLE_STRICT_OBJC_MSGSEND = YES;
				ENABLE_TESTABILITY = YES;
				ENABLE_USER_SCRIPT_SANDBOXING = YES;
				GCC_C_LANGUAGE_STANDARD = gnu17;
				GCC_DYNAMIC_NO_PIC = NO;
				GCC_NO_COMMON_BLOCKS = YES;
				GCC_OPTIMIZATION_LEVEL = 0;
				GCC_PREPROCESSOR_DEFINITIONS = (
					"DEBUG=1",
					"$(inherited)",
				);
				GCC_WARN_64_TO_32_BIT_CONVERSION = YES;
				GCC_WARN_ABOUT_RETURN_TYPE = YES_ERROR;
				GCC_WARN_UNDECLARED_SELECTOR = YES;
				GCC_WARN_UNINITIALIZED_AUTOS = YES_AGGRESSIVE;
				GCC_WARN_UNUSED_FUNCTION = YES;
				GCC_WARN_UNUSED_VARIABLE = YES;
				LOCALIZATION_PREFERS_STRING_CATALOGS = YES;
				MTL_ENABLE_DEBUG_INFO = INCLUDE_SOURCE;
				MTL_FAST_MATH = YES;
				ONLY_ACTIVE_ARCH = YES;
				SDKROOT = xros;
				SWIFT_ACTIVE_COMPILATION_CONDITIONS = "DEBUG $(inherited)";
				SWIFT_OPTIMIZATION_LEVEL = "-Onone";
				XROS_DEPLOYMENT_TARGET = 2.2;
			};
			name = Debug;
		};
		11F3D79D2D4569A900205449 /* Release */ = {
			isa = XCBuildConfiguration;
			buildSettings = {
				ALWAYS_SEARCH_USER_PATHS = NO;
				ASSETCATALOG_COMPILER_GENERATE_SWIFT_ASSET_SYMBOL_EXTENSIONS = YES;
				CLANG_ANALYZER_NONNULL = YES;
				CLANG_ANALYZER_NUMBER_OBJECT_CONVERSION = YES_AGGRESSIVE;
				CLANG_CXX_LANGUAGE_STANDARD = "gnu++20";
				CLANG_ENABLE_MODULES = YES;
				CLANG_ENABLE_OBJC_ARC = YES;
				CLANG_ENABLE_OBJC_WEAK = YES;
				CLANG_WARN_BLOCK_CAPTURE_AUTORELEASING = YES;
				CLANG_WARN_BOOL_CONVERSION = YES;
				CLANG_WARN_COMMA = YES;
				CLANG_WARN_CONSTANT_CONVERSION = YES;
				CLANG_WARN_DEPRECATED_OBJC_IMPLEMENTATIONS = YES;
				CLANG_WARN_DIRECT_OBJC_ISA_USAGE = YES_ERROR;
				CLANG_WARN_DOCUMENTATION_COMMENTS = YES;
				CLANG_WARN_EMPTY_BODY = YES;
				CLANG_WARN_ENUM_CONVERSION = YES;
				CLANG_WARN_INFINITE_RECURSION = YES;
				CLANG_WARN_INT_CONVERSION = YES;
				CLANG_WARN_NON_LITERAL_NULL_CONVERSION = YES;
				CLANG_WARN_OBJC_IMPLICIT_RETAIN_SELF = YES;
				CLANG_WARN_OBJC_LITERAL_CONVERSION = YES;
				CLANG_WARN_OBJC_ROOT_CLASS = YES_ERROR;
				CLANG_WARN_QUOTED_INCLUDE_IN_FRAMEWORK_HEADER = YES;
				CLANG_WARN_RANGE_LOOP_ANALYSIS = YES;
				CLANG_WARN_STRICT_PROTOTYPES = YES;
				CLANG_WARN_SUSPICIOUS_MOVE = YES;
				CLANG_WARN_UNGUARDED_AVAILABILITY = YES_AGGRESSIVE;
				CLANG_WARN_UNREACHABLE_CODE = YES;
				CLANG_WARN__DUPLICATE_METHOD_MATCH = YES;
				COPY_PHASE_STRIP = NO;
				DEBUG_INFORMATION_FORMAT = "dwarf-with-dsym";
				ENABLE_NS_ASSERTIONS = NO;
				ENABLE_STRICT_OBJC_MSGSEND = YES;
				ENABLE_USER_SCRIPT_SANDBOXING = YES;
				GCC_C_LANGUAGE_STANDARD = gnu17;
				GCC_NO_COMMON_BLOCKS = YES;
				GCC_WARN_64_TO_32_BIT_CONVERSION = YES;
				GCC_WARN_ABOUT_RETURN_TYPE = YES_ERROR;
				GCC_WARN_UNDECLARED_SELECTOR = YES;
				GCC_WARN_UNINITIALIZED_AUTOS = YES_AGGRESSIVE;
				GCC_WARN_UNUSED_FUNCTION = YES;
				GCC_WARN_UNUSED_VARIABLE = YES;
				LOCALIZATION_PREFERS_STRING_CATALOGS = YES;
				MTL_ENABLE_DEBUG_INFO = NO;
				MTL_FAST_MATH = YES;
				SDKROOT = xros;
				SWIFT_COMPILATION_MODE = wholemodule;
				VALIDATE_PRODUCT = YES;
				XROS_DEPLOYMENT_TARGET = 2.2;
			};
			name = Release;
		};
		11F3D79F2D4569A900205449 /* Debug */ = {
			isa = XCBuildConfiguration;
			buildSettings = {
				BUNDLE_LOADER = "$(TEST_HOST)";
				CODE_SIGN_STYLE = Automatic;
				CURRENT_PROJECT_VERSION = 1;
				DEVELOPMENT_TEAM = 32R66SNDGS;
				GENERATE_INFOPLIST_FILE = YES;
				MARKETING_VERSION = 1.0;
				PRODUCT_BUNDLE_IDENTIFIER = io.positron.LMTests;
				PRODUCT_NAME = "$(TARGET_NAME)";
				SUPPORTED_PLATFORMS = "xros xrsimulator";
				SWIFT_EMIT_LOC_STRINGS = NO;
				SWIFT_VERSION = 5.0;
				TARGETED_DEVICE_FAMILY = 7;
				TEST_HOST = "$(BUILT_PRODUCTS_DIR)/LM.app/$(BUNDLE_EXECUTABLE_FOLDER_PATH)/LM";
				XROS_DEPLOYMENT_TARGET = 2.2;
			};
			name = Debug;
		};
		11F3D7A02D4569A900205449 /* Release */ = {
			isa = XCBuildConfiguration;
			buildSettings = {
				BUNDLE_LOADER = "$(TEST_HOST)";
				CODE_SIGN_STYLE = Automatic;
				CURRENT_PROJECT_VERSION = 1;
				DEVELOPMENT_TEAM = 32R66SNDGS;
				GENERATE_INFOPLIST_FILE = YES;
				MARKETING_VERSION = 1.0;
				PRODUCT_BUNDLE_IDENTIFIER = io.positron.LMTests;
				PRODUCT_NAME = "$(TARGET_NAME)";
				SUPPORTED_PLATFORMS = "xros xrsimulator";
				SWIFT_EMIT_LOC_STRINGS = NO;
				SWIFT_VERSION = 5.0;
				TARGETED_DEVICE_FAMILY = 7;
				TEST_HOST = "$(BUILT_PRODUCTS_DIR)/LM.app/$(BUNDLE_EXECUTABLE_FOLDER_PATH)/LM";
				XROS_DEPLOYMENT_TARGET = 2.2;
			};
			name = Release;
		};
		85DA862CB3C903837D6A10C9 /* Release */ = {
			isa = XCBuildConfiguration;
			buildSettings = {
				ASSETCATALOG_COMPILER_APPICON_NAME = AppIcon;
				ASSETCATALOG_COMPILER_GLOBAL_ACCENT_COLOR_NAME = AccentColor;
				CODE_SIGN_STYLE = Automatic;
				CURRENT_PROJECT_VERSION = 1;
				DEVELOPMENT_TEAM = 32R66SNDGS;
				ENABLE_PREVIEWS = YES;
				GENERATE_INFOPLIST_FILE = YES;
				INFOPLIST_FILE = "$(TARGET_NAME)/Info.plist";
				LD_RUNPATH_SEARCH_PATHS = (
					"$(inherited)",
					"@executable_path/Frameworks",
				);
				MARKETING_VERSION = 1.0;
				PRODUCT_BUNDLE_IDENTIFIER = io.positron.Moon;
				PRODUCT_NAME = "$(TARGET_NAME)";
				SUPPORTED_PLATFORMS = "xros xrsimulator";
				SWIFT_EMIT_LOC_STRINGS = YES;
				SWIFT_VERSION = 5.0;
				TARGETED_DEVICE_FAMILY = 7;
			};
			name = Release;
		};
		FB002A8B54C22C6398F2C0F0 /* Debug */ = {
			isa = XCBuildConfiguration;
			buildSettings = {
				ASSETCATALOG_COMPILER_APPICON_NAME = AppIcon;
				ASSETCATALOG_COMPILER_GLOBAL_ACCENT_COLOR_NAME = AccentColor;
				CODE_SIGN_STYLE = Automatic;
				CURRENT_PROJECT_VERSION = 1;
				DEVELOPMENT_TEAM = 32R66SNDGS;
				ENABLE_PREVIEWS = YES;
				GENERATE_INFOPLIST_FILE = YES;
				INFOPLIST_FILE = "$(TARGET_NAME)/Info.plist";
				LD_RUNPATH_SEARCH_PATHS = (
					"$(inherited)",
					"@executable_path/Frameworks",
				);
				MARKETING_VERSION = 1.0;
				PRODUCT_BUNDLE_IDENTIFIER = io.positron.Moon;
				PRODUCT_NAME = "$(TARGET_NAME)";
				SUPPORTED_PLATFORMS = "xros xrsimulator";
				SWIFT_EMIT_LOC_STRINGS = YES;
				SWIFT_VERSION = 5.0;
				TARGETED_DEVICE_FAMILY = 7;
			};
			name = Debug;
		};
/* End XCBuildConfiguration section */

/* Begin XCConfigurationList section */
		11F3D76E2D4569A800205449 /* Build configuration list for PBXProject "LM" */ = {
			isa = XCConfigurationList;
			buildConfigurations = (
				11F3D79C2D4569A900205449 /* Debug */,
				11F3D79D2D4569A900205449 /* Release */,
			);
			defaultConfigurationIsVisible = 0;
			defaultConfigurationName = Release;
		};
		11F3D7992D4569A900205449 /* Build configuration list for PBXNativeTarget "LM" */ = {
			isa = XCConfigurationList;
			buildConfigurations = (
				11F3D79A2D4569A900205449 /* Debug */,
				11F3D79B2D4569A900205449 /* Release */,
			);
			defaultConfigurationIsVisible = 0;
			defaultConfigurationName = Release;
		};
		11F3D79E2D4569A900205449 /* Build configuration list for PBXNativeTarget "LMTests" */ = {
			isa = XCConfigurationList;
			buildConfigurations = (
				11F3D79F2D4569A900205449 /* Debug */,
				11F3D7A02D4569A900205449 /* Release */,
			);
			defaultConfigurationIsVisible = 0;
			defaultConfigurationName = Release;
		};
		8BFCEBAB5A85F71EEF28E03A /* Build configuration list for PBXNativeTarget "Moon" */ = {
			isa = XCConfigurationList;
			buildConfigurations = (
				85DA862CB3C903837D6A10C9 /* Release */,
				FB002A8B54C22C6398F2C0F0 /* Debug */,
			);
			defaultConfigurationIsVisible = 0;
			defaultConfigurationName = Release;
		};
/* End XCConfigurationList section */

/* Begin XCLocalSwiftPackageReference section */
		1C2DFA611CB80D538BF2315A /* XCLocalSwiftPackageReference "LunarMap" */ = {
			isa = XCLocalSwiftPackageReference;
			relativePath = Packages/LunarMap;
		};
		3B85012C7504288891A95F7D /* XCLocalSwiftPackageReference "AGC" */ = {
			isa = XCLocalSwiftPackageReference;
			relativePath = ../AGC;
		};
/* End XCLocalSwiftPackageReference section */

/* Begin XCSwiftPackageProductDependency section */
		11F3D7782D4569A800205449 /* RealityKitContent */ = {
			isa = XCSwiftPackageProductDependency;
			productName = RealityKitContent;
		};
		484902EAE3DD096F7FE83CD5 /* LunarMap */ = {
			isa = XCSwiftPackageProductDependency;
			package = 1C2DFA611CB80D538BF2315A /* XCLocalSwiftPackageReference "LunarMap" */;
			productName = LunarMap;
		};
		7F923C8DED5D27B4856DF91E /* AGC */ = {
			isa = XCSwiftPackageProductDependency;
			package = 3B85012C7504288891A95F7D /* XCLocalSwiftPackageReference "AGC" */;
			productName = AGC;
		};
		A9EB3C526EF0E03AA143B6C9 /* LMCore */ = {
			isa = XCSwiftPackageProductDependency;
			package = 3B85012C7504288891A95F7D /* XCLocalSwiftPackageReference "AGC" */;
			productName = LMCore;
		};
		B61A332620F9023911743D64 /* LunarMapExplorer */ = {
			isa = XCSwiftPackageProductDependency;
			package = 1C2DFA611CB80D538BF2315A /* XCLocalSwiftPackageReference "LunarMap" */;
			productName = LunarMapExplorer;
		};
		D0ADE5292D7FBA8CE751FD6A /* LunarMapExplorer */ = {
			isa = XCSwiftPackageProductDependency;
			package = 1C2DFA611CB80D538BF2315A /* XCLocalSwiftPackageReference "LunarMap" */;
			productName = LunarMapExplorer;
		};
		E0160C33A71CDD4B67B2F4A5 /* LunarMap */ = {
			isa = XCSwiftPackageProductDependency;
			package = 1C2DFA611CB80D538BF2315A /* XCLocalSwiftPackageReference "LunarMap" */;
			productName = LunarMap;
		};
/* End XCSwiftPackageProductDependency section */
	};
	rootObject = 11F3D76B2D4569A800205449 /* Project object */;
}
